{
  "name": "whitehat-analysis-tools",
  "lockfileVersion": 3,
  "requires": true,
  "packages": {
    "": {
      "name": "whitehat-analysis-tools",
      "dependencies": {
        "@foundry-rs/forge-win32-amd64": "1.7.1"
      }
    },
    "node_modules/@foundry-rs/forge-win32-amd64": {
      "version": "1.7.1",
      "resolved": "https://registry.npmjs.org/@foundry-rs/forge-win32-amd64/-/forge-win32-amd64-1.7.1.tgz",
      "integrity": "sha512-WK+gWWlWYpgrsrKcle4hzV5k5TPoVE8acsnNnmckQhvcbcZBG2VukpkqFCJgOpPX1xuSYtskHTIhJbCx1w854w==",
      "cpu": [
        "x64"
      ],
      "license": "MIT OR Apache-2.0",
      "os": [
        "win32"
      ],
      "bin": {
        "forge": "bin/forge.exe"
      },
      "engines": {
        "node": ">=20"
      }
    }
  }
}
